
Microsoft Visual Studio Solution File, Format Version 12.00
# Visual Studio Version 17
VisualStudioVersion = 17.3.32901.215
MinimumVisualStudioVersion = 10.0.40219.1
Project("{FAE04EC0-301F-11D3-BF4B-00C04F79EFBC}") = "ConditionalLecture", "ConditionalLecture\ConditionalLecture.csproj", "{787B33AD-3435-45C2-BFC6-0B950E7358B5}"
EndProject
Global
	GlobalSection(SolutionConfigurationPlatforms) = preSolution
		Debug|Any CPU = Debug|Any CPU
		Release|Any CPU = Release|Any CPU
	EndGlobalSection
	GlobalSection(ProjectConfigurationPlatforms) = postSolution
		{787B33AD-3435-45C2-BFC6-0B950E7358B5}.Debug|Any CPU.ActiveCfg = Debug|Any CPU
		{787B33AD-3435-45C2-BFC6-0B950E7358B5}.Debug|Any CPU.Build.0 = Debug|Any CPU
		{787B33AD-3435-45C2-BFC6-0B950E7358B5}.Release|Any CPU.ActiveCfg = Release|Any CPU
		{787B33AD-3435-45C2-BFC6-0B950E7358B5}.Release|Any CPU.Build.0 = Release|Any CPU
	EndGlobalSection
	GlobalSection(SolutionProperties) = preSolution
		HideSolutionNode = FALSE
	EndGlobalSection
	GlobalSection(ExtensibilityGlobals) = postSolution
		SolutionGuid = {620F08CA-3F9B-4E75-BA6A-8D5CD2A80034}
	EndGlobalSection
EndGlobal
